
Microsoft Visual Studio Solution File, Format Version 12.00
# Visual Studio Version 17
VisualStudioVersion = 17.7.34024.191
MinimumVisualStudioVersion = 10.0.40219.1
Project("{FAE04EC0-301F-11D3-BF4B-00C04F79EFBC}") = "Vietapp.Android", "Vietapp.Android\Vietapp.Android.csproj", "{75A51FBB-B7C4-49DC-988C-7A7C78B7F5D1}"
EndProject
Project("{FAE04EC0-301F-11D3-BF4B-00C04F79EFBC}") = "Vietapp", "Vietapp\Vietapp.csproj", "{6F98EBD4-DA44-4323-A9F6-CCAF5E66D523}"
EndProject
Global
	GlobalSection(SolutionConfigurationPlatforms) = preSolution
		Debug|Any CPU = Debug|Any CPU
		Release|Any CPU = Release|Any CPU
	EndGlobalSection
	GlobalSection(ProjectConfigurationPlatforms) = postSolution
		{75A51FBB-B7C4-49DC-988C-7A7C78B7F5D1}.Debug|Any CPU.ActiveCfg = Debug|Any CPU
		{75A51FBB-B7C4-49DC-988C-7A7C78B7F5D1}.Debug|Any CPU.Build.0 = Debug|Any CPU
		{75A51FBB-B7C4-49DC-988C-7A7C78B7F5D1}.Debug|Any CPU.Deploy.0 = Debug|Any CPU
		{75A51FBB-B7C4-49DC-988C-7A7C78B7F5D1}.Release|Any CPU.ActiveCfg = Release|Any CPU
		{75A51FBB-B7C4-49DC-988C-7A7C78B7F5D1}.Release|Any CPU.Build.0 = Release|Any CPU
		{75A51FBB-B7C4-49DC-988C-7A7C78B7F5D1}.Release|Any CPU.Deploy.0 = Release|Any CPU
		{6F98EBD4-DA44-4323-A9F6-CCAF5E66D523}.Debug|Any CPU.ActiveCfg = Debug|Any CPU
		{6F98EBD4-DA44-4323-A9F6-CCAF5E66D523}.Debug|Any CPU.Build.0 = Debug|Any CPU
		{6F98EBD4-DA44-4323-A9F6-CCAF5E66D523}.Debug|Any CPU.Deploy.0 = Debug|Any CPU
		{6F98EBD4-DA44-4323-A9F6-CCAF5E66D523}.Release|Any CPU.ActiveCfg = Release|Any CPU
		{6F98EBD4-DA44-4323-A9F6-CCAF5E66D523}.Release|Any CPU.Build.0 = Release|Any CPU
		{6F98EBD4-DA44-4323-A9F6-CCAF5E66D523}.Release|Any CPU.Deploy.0 = Release|Any CPU
	EndGlobalSection
	GlobalSection(SolutionProperties) = preSolution
		HideSolutionNode = FALSE
	EndGlobalSection
	GlobalSection(ExtensibilityGlobals) = postSolution
		SolutionGuid = {719B4437-2EAE-4891-ADD7-EFA2C59CBCCA}
	EndGlobalSection
EndGlobal
